{
  "name": "@genexus/design-systems-monorepo",
  "version": "0.0.77",
  "lockfileVersion": 3,
  "requires": true,
  "packages": {
    "": {
      "name": "@genexus/design-systems-monorepo",
      "version": "0.0.77",
      "engines": {
        "node": ">=16.0.0",
        "npm": ">=7.0.0"
      }
    }
  }
}
